// !$*UTF8*$!
{
	archiveVersion = 1;
	classes = {
	};
	objectVersion = 46;
	objects = {

/* Begin PBXBuildFile section */
		950A27721E99269E000E6BAA /* Model.xcdatamodeld in Sources */ = {isa = PBXBuildFile; fileRef = 950A27701E99269E000E6BAA /* Model.xcdatamodeld */; };
		950A27B91E99E4CD000E6BAA /* MaterialView.swift in Sources */ = {isa = PBXBuildFile; fileRef = 950A27B81E99E4CD000E6BAA /* MaterialView.swift */; };
		950A27BB1E99E717000E6BAA /* ItemCell.swift in Sources */ = {isa = PBXBuildFile; fileRef = 950A27BA1E99E717000E6BAA /* ItemCell.swift */; };
		950A27BE1E9A1376000E6BAA /* ItemDetailsVCViewController.swift in Sources */ = {isa = PBXBuildFile; fileRef = 950A27BD1E9A1376000E6BAA /* ItemDetailsVCViewController.swift */; };
		957B17D21E6F9412005A6437 /* ViewMonsterController.swift in Sources */ = {isa = PBXBuildFile; fileRef = 957B17D11E6F9412005A6437 /* ViewMonsterController.swift */; };
		959E0DE01E6E139E0077EA49 /* AppDelegate.swift in Sources */ = {isa = PBXBuildFile; fileRef = 959E0DDF1E6E139E0077EA49 /* AppDelegate.swift */; };
		959E0DE21E6E139E0077EA49 /* ViewController.swift in Sources */ = {isa = PBXBuildFile; fileRef = 959E0DE11E6E139E0077EA49 /* ViewController.swift */; };
		959E0DE51E6E139E0077EA49 /* Main.storyboard in Resources */ = {isa = PBXBuildFile; fileRef = 959E0DE31E6E139E0077EA49 /* Main.storyboard */; };
		959E0DE71E6E139E0077EA49 /* Assets.xcassets in Resources */ = {isa = PBXBuildFile; fileRef = 959E0DE61E6E139E0077EA49 /* Assets.xcassets */; };
		959E0DEA1E6E139E0077EA49 /* LaunchScreen.storyboard in Resources */ = {isa = PBXBuildFile; fileRef = 959E0DE81E6E139E0077EA49 /* LaunchScreen.storyboard */; };
		959E0DF21E6E16600077EA49 /* Monster.swift in Sources */ = {isa = PBXBuildFile; fileRef = 959E0DF11E6E16600077EA49 /* Monster.swift */; };
		95A15EA51EA2F22D006248E4 /* monsterlogo.png in Resources */ = {isa = PBXBuildFile; fileRef = 95A15EA41EA2F22D006248E4 /* monsterlogo.png */; };
/* End PBXBuildFile section */

/* Begin PBXFileReference section */
		950A27711E99269E000E6BAA /* Model.xcdatamodel */ = {isa = PBXFileReference; lastKnownFileType = wrapper.xcdatamodel; path = Model.xcdatamodel; sourceTree = "<group>"; };
		950A27B81E99E4CD000E6BAA /* MaterialView.swift */ = {isa = PBXFileReference; fileEncoding = 4; lastKnownFileType = sourcecode.swift; path = MaterialView.swift; sourceTree = "<group>"; };
		950A27BA1E99E717000E6BAA /* ItemCell.swift */ = {isa = PBXFileReference; fileEncoding = 4; lastKnownFileType = sourcecode.swift; path = ItemCell.swift; sourceTree = "<group>"; };
		950A27BD1E9A1376000E6BAA /* ItemDetailsVCViewController.swift */ = {isa = PBXFileReference; fileEncoding = 4; lastKnownFileType = sourcecode.swift; path = ItemDetailsVCViewController.swift; sourceTree = "<group>"; };
		957B17D11E6F9412005A6437 /* ViewMonsterController.swift */ = {isa = PBXFileReference; fileEncoding = 4; lastKnownFileType = sourcecode.swift; name = ViewMonsterController.swift; path = ../ViewMonsterController.swift; sourceTree = "<group>"; };
		959E0DDC1E6E139E0077EA49 /* MonsterApp.app */ = {isa = PBXFileReference; explicitFileType = wrapper.application; includeInIndex = 0; path = MonsterApp.app; sourceTree = BUILT_PRODUCTS_DIR; };
		959E0DDF1E6E139E0077EA49 /* AppDelegate.swift */ = {isa = PBXFileReference; lastKnownFileType = sourcecode.swift; path = AppDelegate.swift; sourceTree = "<group>"; };
		959E0DE11E6E139E0077EA49 /* ViewController.swift */ = {isa = PBXFileReference; lastKnownFileType = sourcecode.swift; path = ViewController.swift; sourceTree = "<group>"; };
		959E0DE41E6E139E0077EA49 /* Base */ = {isa = PBXFileReference; lastKnownFileType = file.storyboard; name = Base; path = Base.lproj/Main.storyboard; sourceTree = "<group>"; };
		959E0DE61E6E139E0077EA49 /* Assets.xcassets */ = {isa = PBXFileReference; lastKnownFileType = folder.assetcatalog; path = Assets.xcassets; sourceTree = "<group>"; };
		959E0DE91E6E139E0077EA49 /* Base */ = {isa = PBXFileReference; lastKnownFileType = file.storyboard; name = Base; path = Base.lproj/LaunchScreen.storyboard; sourceTree = "<group>"; };
		959E0DEB1E6E139E0077EA49 /* Info.plist */ = {isa = PBXFileReference; lastKnownFileType = text.plist.xml; path = Info.plist; sourceTree = "<group>"; };
		959E0DF11E6E16600077EA49 /* Monster.swift */ = {isa = PBXFileReference; fileEncoding = 4; lastKnownFileType = sourcecode.swift; name = Monster.swift; path = ../Monster.swift; sourceTree = "<group>"; };
		95A15EA41EA2F22D006248E4 /* monsterlogo.png */ = {isa = PBXFileReference; lastKnownFileType = image.png; name = monsterlogo.png; path = "../../../Documents/sem3/Andrid and IOS/assignments/a2/monsterlogo.png"; sourceTree = "<group>"; };
/* End PBXFileReference section */

/* Begin PBXFrameworksBuildPhase section */
		959E0DD91E6E139D0077EA49 /* Frameworks */ = {
			isa = PBXFrameworksBuildPhase;
			buildActionMask = 2147483647;
			files = (
			);
			runOnlyForDeploymentPostprocessing = 0;
		};
/* End PBXFrameworksBuildPhase section */

/* Begin PBXGroup section */
		950A27B71E99E4A1000E6BAA /* Views */ = {
			isa = PBXGroup;
			children = (
				950A27B81E99E4CD000E6BAA /* MaterialView.swift */,
				950A27BA1E99E717000E6BAA /* ItemCell.swift */,
			);
			name = Views;
			sourceTree = "<group>";
		};
		950A27BC1E9A134D000E6BAA /* Controllers */ = {
			isa = PBXGroup;
			children = (
				959E0DE11E6E139E0077EA49 /* ViewController.swift */,
				957B17D11E6F9412005A6437 /* ViewMonsterController.swift */,
				950A27BD1E9A1376000E6BAA /* ItemDetailsVCViewController.swift */,
			);
			name = Controllers;
			sourceTree = "<group>";
		};
		9537A6DF1EA09329002E8DB1 /* Suporting Files */ = {
			isa = PBXGroup;
			children = (
				95A15EA41EA2F22D006248E4 /* monsterlogo.png */,
				959E0DE61E6E139E0077EA49 /* Assets.xcassets */,
				959E0DE81E6E139E0077EA49 /* LaunchScreen.storyboard */,
			);
			name = "Suporting Files";
			sourceTree = "<group>";
		};
		9537A6E01EA0935D002E8DB1 /* Model */ = {
			isa = PBXGroup;
			children = (
				959E0DF11E6E16600077EA49 /* Monster.swift */,
			);
			name = Model;
			sourceTree = "<group>";
		};
		959E0DD31E6E139D0077EA49 = {
			isa = PBXGroup;
			children = (
				959E0DDE1E6E139E0077EA49 /* MonsterApp */,
				959E0DDD1E6E139E0077EA49 /* Products */,
			);
			sourceTree = "<group>";
		};
		959E0DDD1E6E139E0077EA49 /* Products */ = {
			isa = PBXGroup;
			children = (
				959E0DDC1E6E139E0077EA49 /* MonsterApp.app */,
			);
			name = Products;
			sourceTree = "<group>";
		};
		959E0DDE1E6E139E0077EA49 /* MonsterApp */ = {
			isa = PBXGroup;
			children = (
				950A27B71E99E4A1000E6BAA /* Views */,
				950A27701E99269E000E6BAA /* Model.xcdatamodeld */,
				9537A6E01EA0935D002E8DB1 /* Model */,
				959E0DDF1E6E139E0077EA49 /* AppDelegate.swift */,
				950A27BC1E9A134D000E6BAA /* Controllers */,
				959E0DE31E6E139E0077EA49 /* Main.storyboard */,
				9537A6DF1EA09329002E8DB1 /* Suporting Files */,
				959E0DEB1E6E139E0077EA49 /* Info.plist */,
			);
			path = MonsterApp;
			sourceTree = "<group>";
		};
/* End PBXGroup section */

/* Begin PBXNativeTarget section */
		959E0DDB1E6E139D0077EA49 /* MonsterApp */ = {
			isa = PBXNativeTarget;
			buildConfigurationList = 959E0DEE1E6E139E0077EA49 /* Build configuration list for PBXNativeTarget "MonsterApp" */;
			buildPhases = (
				959E0DD81E6E139D0077EA49 /* Sources */,
				959E0DD91E6E139D0077EA49 /* Frameworks */,
				959E0DDA1E6E139D0077EA49 /* Resources */,
			);
			buildRules = (
			);
			dependencies = (
			);
			name = MonsterApp;
			productName = MonsterApp;
			productReference = 959E0DDC1E6E139E0077EA49 /* MonsterApp.app */;
			productType = "com.apple.product-type.application";
		};
/* End PBXNativeTarget section */

/* Begin PBXProject section */
		959E0DD41E6E139D0077EA49 /* Project object */ = {
			isa = PBXProject;
			attributes = {
				LastSwiftUpdateCheck = 0820;
				LastUpgradeCheck = 0820;
				ORGANIZATIONNAME = "Varun Babu";
				TargetAttributes = {
					959E0DDB1E6E139D0077EA49 = {
						CreatedOnToolsVersion = 8.2.1;
						ProvisioningStyle = Automatic;
					};
				};
			};
			buildConfigurationList = 959E0DD71E6E139D0077EA49 /* Build configuration list for PBXProject "MonsterApp" */;
			compatibilityVersion = "Xcode 3.2";
			developmentRegion = English;
			hasScannedForEncodings = 0;
			knownRegions = (
				en,
				Base,
			);
			mainGroup = 959E0DD31E6E139D0077EA49;
			productRefGroup = 959E0DDD1E6E139E0077EA49 /* Products */;
			projectDirPath = "";
			projectRoot = "";
			targets = (
				959E0DDB1E6E139D0077EA49 /* MonsterApp */,
			);
		};
/* End PBXProject section */

/* Begin PBXResourcesBuildPhase section */
		959E0DDA1E6E139D0077EA49 /* Resources */ = {
			isa = PBXResourcesBuildPhase;
			buildActionMask = 2147483647;
			files = (
				959E0DEA1E6E139E0077EA49 /* LaunchScreen.storyboard in Resources */,
				959E0DE71E6E139E0077EA49 /* Assets.xcassets in Resources */,
				959E0DE51E6E139E0077EA49 /* Main.storyboard in Resources */,
				95A15EA51EA2F22D006248E4 /* monsterlogo.png in Resources */,
			);
			runOnlyForDeploymentPostprocessing = 0;
		};
/* End PBXResourcesBuildPhase section */

/* Begin PBXSourcesBuildPhase section */
		959E0DD81E6E139D0077EA49 /* Sources */ = {
			isa = PBXSourcesBuildPhase;
			buildActionMask = 2147483647;
			files = (
				959E0DE21E6E139E0077EA49 /* ViewController.swift in Sources */,
				957B17D21E6F9412005A6437 /* ViewMonsterController.swift in Sources */,
				950A27721E99269E000E6BAA /* Model.xcdatamodeld in Sources */,
				950A27BE1E9A1376000E6BAA /* ItemDetailsVCViewController.swift in Sources */,
				950A27B91E99E4CD000E6BAA /* MaterialView.swift in Sources */,
				950A27BB1E99E717000E6BAA /* ItemCell.swift in Sources */,
				959E0DF21E6E16600077EA49 /* Monster.swift in Sources */,
				959E0DE01E6E139E0077EA49 /* AppDelegate.swift in Sources */,
			);
			runOnlyForDeploymentPostprocessing = 0;
		};
/* End PBXSourcesBuildPhase section */

/* Begin PBXVariantGroup section */
		959E0DE31E6E139E0077EA49 /* Main.storyboard */ = {
			isa = PBXVariantGroup;
			children = (
				959E0DE41E6E139E0077EA49 /* Base */,
			);
			name = Main.storyboard;
			sourceTree = "<group>";
		};
		959E0DE81E6E139E0077EA49 /* LaunchScreen.storyboard */ = {
			isa = PBXVariantGroup;
			children = (
				959E0DE91E6E139E0077EA49 /* Base */,
			);
			name = LaunchScreen.storyboard;
			sourceTree = "<group>";
		};
/* End PBXVariantGroup section */

/* Begin XCBuildConfiguration section */
		959E0DEC1E6E139E0077EA49 /* Debug */ = {
			isa = XCBuildConfiguration;
			buildSettings = {
				ALWAYS_SEARCH_USER_PATHS = NO;
				CLANG_ANALYZER_NONNULL = YES;
				CLANG_CXX_LANGUAGE_STANDARD = "gnu++0x";
				CLANG_CXX_LIBRARY = "libc++";
				CLANG_ENABLE_MODULES = YES;
				CLANG_ENABLE_OBJC_ARC = YES;
				CLANG_WARN_BOOL_CONVERSION = YES;
				CLANG_WARN_CONSTANT_CONVERSION = YES;
				CLANG_WARN_DIRECT_OBJC_ISA_USAGE = YES_ERROR;
				CLANG_WARN_DOCUMENTATION_COMMENTS = YES;
				CLANG_WARN_EMPTY_BODY = YES;
				CLANG_WARN_ENUM_CONVERSION = YES;
				CLANG_WARN_INFINITE_RECURSION = YES;
				CLANG_WARN_INT_CONVERSION = YES;
				CLANG_WARN_OBJC_ROOT_CLASS = YES_ERROR;
				CLANG_WARN_SUSPICIOUS_MOVE = YES;
				CLANG_WARN_UNREACHABLE_CODE = YES;
				CLANG_WARN__DUPLICATE_METHOD_MATCH = YES;
				"CODE_SIGN_IDENTITY[sdk=iphoneos*]" = "iPhone Developer";
				COPY_PHASE_STRIP = NO;
				DEBUG_INFORMATION_FORMAT = dwarf;
				ENABLE_STRICT_OBJC_MSGSEND = YES;
				ENABLE_TESTABILITY = YES;
				GCC_C_LANGUAGE_STANDARD = gnu99;
				GCC_DYNAMIC_NO_PIC = NO;
				GCC_NO_COMMON_BLOCKS = YES;
				GCC_OPTIMIZATION_LEVEL = 0;
				GCC_PREPROCESSOR_DEFINITIONS = (
					"DEBUG=1",
					"$(inherited)",
				);
				GCC_WARN_64_TO_32_BIT_CONVERSION = YES;
				GCC_WARN_ABOUT_RETURN_TYPE = YES_ERROR;
				GCC_WARN_UNDECLARED_SELECTOR = YES;
				GCC_WARN_UNINITIALIZED_AUTOS = YES_AGGRESSIVE;
				GCC_WARN_UNUSED_FUNCTION = YES;
				GCC_WARN_UNUSED_VARIABLE = YES;
				IPHONEOS_DEPLOYMENT_TARGET = 10.2;
				MTL_ENABLE_DEBUG_INFO = YES;
				ONLY_ACTIVE_ARCH = YES;
				SDKROOT = iphoneos;
				SWIFT_ACTIVE_COMPILATION_CONDITIONS = DEBUG;
				SWIFT_OPTIMIZATION_LEVEL = "-Onone";
			};
			name = Debug;
		};
		959E0DED1E6E139E0077EA49 /* Release */ = {
			isa = XCBuildConfiguration;
			buildSettings = {
				ALWAYS_SEARCH_USER_PATHS = NO;
				CLANG_ANALYZER_NONNULL = YES;
				CLANG_CXX_LANGUAGE_STANDARD = "gnu++0x";
				CLANG_CXX_LIBRARY = "libc++";
				CLANG_ENABLE_MODULES = YES;
				CLANG_ENABLE_OBJC_ARC = YES;
				CLANG_WARN_BOOL_CONVERSION = YES;
				CLANG_WARN_CONSTANT_CONVERSION = YES;
				CLANG_WARN_DIRECT_OBJC_ISA_USAGE = YES_ERROR;
				CLANG_WARN_DOCUMENTATION_COMMENTS = YES;
				CLANG_WARN_EMPTY_BODY = YES;
				CLANG_WARN_ENUM_CONVERSION = YES;
				CLANG_WARN_INFINITE_RECURSION = YES;
				CLANG_WARN_INT_CONVERSION = YES;
				CLANG_WARN_OBJC_ROOT_CLASS = YES_ERROR;
				CLANG_WARN_SUSPICIOUS_MOVE = YES;
				CLANG_WARN_UNREACHABLE_CODE = YES;
				CLANG_WARN__DUPLICATE_METHOD_MATCH = YES;
				"CODE_SIGN_IDENTITY[sdk=iphoneos*]" = "iPhone Developer";
				COPY_PHASE_STRIP = NO;
				DEBUG_INFORMATION_FORMAT = "dwarf-with-dsym";
				ENABLE_NS_ASSERTIONS = NO;
				ENABLE_STRICT_OBJC_MSGSEND = YES;
				GCC_C_LANGUAGE_STANDARD = gnu99;
				GCC_NO_COMMON_BLOCKS = YES;
				GCC_WARN_64_TO_32_BIT_CONVERSION = YES;
				GCC_WARN_ABOUT_RETURN_TYPE = YES_ERROR;
				GCC_WARN_UNDECLARED_SELECTOR = YES;
				GCC_WARN_UNINITIALIZED_AUTOS = YES_AGGRESSIVE;
				GCC_WARN_UNUSED_FUNCTION = YES;
				GCC_WARN_UNUSED_VARIABLE = YES;
				IPHONEOS_DEPLOYMENT_TARGET = 10.2;
				MTL_ENABLE_DEBUG_INFO = NO;
				SDKROOT = iphoneos;
				SWIFT_OPTIMIZATION_LEVEL = "-Owholemodule";
				VALIDATE_PRODUCT = YES;
			};
			name = Release;
		};
		959E0DEF1E6E139E0077EA49 /* Debug */ = {
			isa = XCBuildConfiguration;
			buildSettings = {
				ASSETCATALOG_COMPILER_APPICON_NAME = AppIcon;
				INFOPLIST_FILE = MonsterApp/Info.plist;
				LD_RUNPATH_SEARCH_PATHS = "$(inherited) @executable_path/Frameworks";
				PRODUCT_BUNDLE_IDENTIFIER = "-7335453.MonsterApp";
				PRODUCT_NAME = "$(TARGET_NAME)";
				SWIFT_VERSION = 3.0;
			};
			name = Debug;
		};
		959E0DF01E6E139E0077EA49 /* Release */ = {
			isa = XCBuildConfiguration;
			buildSettings = {
				ASSETCATALOG_COMPILER_APPICON_NAME = AppIcon;
				INFOPLIST_FILE = MonsterApp/Info.plist;
				LD_RUNPATH_SEARCH_PATHS = "$(inherited) @executable_path/Frameworks";
				PRODUCT_BUNDLE_IDENTIFIER = "-7335453.MonsterApp";
				PRODUCT_NAME = "$(TARGET_NAME)";
				SWIFT_VERSION = 3.0;
			};
			name = Release;
		};
/* End XCBuildConfiguration section */

/* Begin XCConfigurationList section */
		959E0DD71E6E139D0077EA49 /* Build configuration list for PBXProject "MonsterApp" */ = {
			isa = XCConfigurationList;
			buildConfigurations = (
				959E0DEC1E6E139E0077EA49 /* Debug */,
				959E0DED1E6E139E0077EA49 /* Release */,
			);
			defaultConfigurationIsVisible = 0;
			defaultConfigurationName = Release;
		};
		959E0DEE1E6E139E0077EA49 /* Build configuration list for PBXNativeTarget "MonsterApp" */ = {
			isa = XCConfigurationList;
			buildConfigurations = (
				959E0DEF1E6E139E0077EA49 /* Debug */,
				959E0DF01E6E139E0077EA49 /* Release */,
			);
			defaultConfigurationIsVisible = 0;
			defaultConfigurationName = Release;
		};
/* End XCConfigurationList section */

/* Begin XCVersionGroup section */
		950A27701E99269E000E6BAA /* Model.xcdatamodeld */ = {
			isa = XCVersionGroup;
			children = (
				950A27711E99269E000E6BAA /* Model.xcdatamodel */,
			);
			currentVersion = 950A27711E99269E000E6BAA /* Model.xcdatamodel */;
			path = Model.xcdatamodeld;
			sourceTree = "<group>";
			versionGroupType = wrapper.xcdatamodel;
		};
/* End XCVersionGroup section */
	};
	rootObject = 959E0DD41E6E139D0077EA49 /* Project object */;
}
